
Microsoft Visual Studio Solution File, Format Version 12.00
# Visual Studio Version 16
VisualStudioVersion = 16.0.31402.337
MinimumVisualStudioVersion = 10.0.40219.1
Project("{2150E333-8FDC-42A3-9474-1A3956D46DE8}") = "Lista2", "Lista2", "{0F8A8C78-2FFE-49DF-8317-EFCED76949EC}"
EndProject
Project("{9A19103F-16F7-4668-BE54-9A1E7A4F7556}") = "Exercicio1", "Exercicio1\Exercicio1.csproj", "{DB307050-05E5-4515-80D5-3E72A8D576AD}"
EndProject
Project("{9A19103F-16F7-4668-BE54-9A1E7A4F7556}") = "Exercicio2", "Exercicio2\Exercicio2.csproj", "{81CDD4C5-8BA6-46A7-9DB8-60BC390323B6}"
EndProject
Project("{9A19103F-16F7-4668-BE54-9A1E7A4F7556}") = "Exercicio3", "Exercicio3\Exercicio3.csproj", "{1F2469BC-3230-4C85-B578-91613CE80F66}"
EndProject
Project("{9A19103F-16F7-4668-BE54-9A1E7A4F7556}") = "Exercicio4", "Exercicio4\Exercicio4.csproj", "{1086B9A9-7326-4D79-9346-974EF583EDEA}"
EndProject
Project("{9A19103F-16F7-4668-BE54-9A1E7A4F7556}") = "Exercicio5", "Exercicio5\Exercicio5.csproj", "{C2AC1886-11C9-41A2-B198-42988A962515}"
EndProject
Project("{9A19103F-16F7-4668-BE54-9A1E7A4F7556}") = "Exercicio6", "Exercicio6\Exercicio6.csproj", "{F3504DBF-5601-41A6-861F-FB9997D257DE}"
EndProject
Project("{FAE04EC0-301F-11D3-BF4B-00C04F79EFBC}") = "Exercicio7", "Exercicio7\Exercicio7.csproj", "{92B61B4A-CEA3-4B47-A170-03ABC53C8C6E}"
EndProject
Project("{FAE04EC0-301F-11D3-BF4B-00C04F79EFBC}") = "Exercicio8", "Exercicio8\Exercicio8.csproj", "{ACE13DF9-ECBC-412C-9B0B-820DD8910C7A}"
EndProject
Project("{FAE04EC0-301F-11D3-BF4B-00C04F79EFBC}") = "Exercicio9", "Exercicio9\Exercicio9.csproj", "{66671683-BA07-42A0-8B2D-70110F62FF56}"
EndProject
Project("{FAE04EC0-301F-11D3-BF4B-00C04F79EFBC}") = "Exercicio10", "Exercicio10\Exercicio10.csproj", "{FA9504E5-A354-4953-A2FE-5F678038E83A}"
EndProject
Project("{FAE04EC0-301F-11D3-BF4B-00C04F79EFBC}") = "Exercicio11", "Exercicio11\Exercicio11.csproj", "{4B13537F-6BB0-4D57-AF57-FBD2E04DC6D2}"
EndProject
Project("{FAE04EC0-301F-11D3-BF4B-00C04F79EFBC}") = "Exercicio12", "Exercicio12\Exercicio12.csproj", "{F6A22B0C-7F74-4365-A91A-3A0ADAC487DF}"
EndProject
Project("{FAE04EC0-301F-11D3-BF4B-00C04F79EFBC}") = "Exercicio13", "Exercicio13\Exercicio13.csproj", "{E313786D-0F96-4D1E-9171-C5D4F26F085A}"
EndProject
Project("{FAE04EC0-301F-11D3-BF4B-00C04F79EFBC}") = "Exercicio14", "Exercicio14\Exercicio14.csproj", "{4AC8A49C-A71A-47B7-A299-67934727DDDC}"
EndProject
Project("{FAE04EC0-301F-11D3-BF4B-00C04F79EFBC}") = "Exercicio15", "Exercicio15\Exercicio15.csproj", "{CE107088-30B0-4FBB-8BF9-B2CA5BFF2AEE}"
EndProject
Global
	GlobalSection(SolutionConfigurationPlatforms) = preSolution
		Debug|Any CPU = Debug|Any CPU
		Release|Any CPU = Release|Any CPU
	EndGlobalSection
	GlobalSection(ProjectConfigurationPlatforms) = postSolution
		{DB307050-05E5-4515-80D5-3E72A8D576AD}.Debug|Any CPU.ActiveCfg = Debug|Any CPU
		{DB307050-05E5-4515-80D5-3E72A8D576AD}.Debug|Any CPU.Build.0 = Debug|Any CPU
		{DB307050-05E5-4515-80D5-3E72A8D576AD}.Release|Any CPU.ActiveCfg = Release|Any CPU
		{DB307050-05E5-4515-80D5-3E72A8D576AD}.Release|Any CPU.Build.0 = Release|Any CPU
		{81CDD4C5-8BA6-46A7-9DB8-60BC390323B6}.Debug|Any CPU.ActiveCfg = Debug|Any CPU
		{81CDD4C5-8BA6-46A7-9DB8-60BC390323B6}.Debug|Any CPU.Build.0 = Debug|Any CPU
		{81CDD4C5-8BA6-46A7-9DB8-60BC390323B6}.Release|Any CPU.ActiveCfg = Release|Any CPU
		{81CDD4C5-8BA6-46A7-9DB8-60BC390323B6}.Release|Any CPU.Build.0 = Release|Any CPU
		{1F2469BC-3230-4C85-B578-91613CE80F66}.Debug|Any CPU.ActiveCfg = Debug|Any CPU
		{1F2469BC-3230-4C85-B578-91613CE80F66}.Debug|Any CPU.Build.0 = Debug|Any CPU
		{1F2469BC-3230-4C85-B578-91613CE80F66}.Release|Any CPU.ActiveCfg = Release|Any CPU
		{1F2469BC-3230-4C85-B578-91613CE80F66}.Release|Any CPU.Build.0 = Release|Any CPU
		{1086B9A9-7326-4D79-9346-974EF583EDEA}.Debug|Any CPU.ActiveCfg = Debug|Any CPU
		{1086B9A9-7326-4D79-9346-974EF583EDEA}.Debug|Any CPU.Build.0 = Debug|Any CPU
		{1086B9A9-7326-4D79-9346-974EF583EDEA}.Release|Any CPU.ActiveCfg = Release|Any CPU
		{1086B9A9-7326-4D79-9346-974EF583EDEA}.Release|Any CPU.Build.0 = Release|Any CPU
		{C2AC1886-11C9-41A2-B198-42988A962515}.Debug|Any CPU.ActiveCfg = Debug|Any CPU
		{C2AC1886-11C9-41A2-B198-42988A962515}.Debug|Any CPU.Build.0 = Debug|Any CPU
		{C2AC1886-11C9-41A2-B198-42988A962515}.Release|Any CPU.ActiveCfg = Release|Any CPU
		{C2AC1886-11C9-41A2-B198-42988A962515}.Release|Any CPU.Build.0 = Release|Any CPU
		{F3504DBF-5601-41A6-861F-FB9997D257DE}.Debug|Any CPU.ActiveCfg = Debug|Any CPU
		{F3504DBF-5601-41A6-861F-FB9997D257DE}.Debug|Any CPU.Build.0 = Debug|Any CPU
		{F3504DBF-5601-41A6-861F-FB9997D257DE}.Release|Any CPU.ActiveCfg = Release|Any CPU
		{F3504DBF-5601-41A6-861F-FB9997D257DE}.Release|Any CPU.Build.0 = Release|Any CPU
		{92B61B4A-CEA3-4B47-A170-03ABC53C8C6E}.Debug|Any CPU.ActiveCfg = Debug|Any CPU
		{92B61B4A-CEA3-4B47-A170-03ABC53C8C6E}.Debug|Any CPU.Build.0 = Debug|Any CPU
		{92B61B4A-CEA3-4B47-A170-03ABC53C8C6E}.Release|Any CPU.ActiveCfg = Release|Any CPU
		{92B61B4A-CEA3-4B47-A170-03ABC53C8C6E}.Release|Any CPU.Build.0 = Release|Any CPU
		{ACE13DF9-ECBC-412C-9B0B-820DD8910C7A}.Debug|Any CPU.ActiveCfg = Debug|Any CPU
		{ACE13DF9-ECBC-412C-9B0B-820DD8910C7A}.Debug|Any CPU.Build.0 = Debug|Any CPU
		{ACE13DF9-ECBC-412C-9B0B-820DD8910C7A}.Release|Any CPU.ActiveCfg = Release|Any CPU
		{ACE13DF9-ECBC-412C-9B0B-820DD8910C7A}.Release|Any CPU.Build.0 = Release|Any CPU
		{66671683-BA07-42A0-8B2D-70110F62FF56}.Debug|Any CPU.ActiveCfg = Debug|Any CPU
		{66671683-BA07-42A0-8B2D-70110F62FF56}.Debug|Any CPU.Build.0 = Debug|Any CPU
		{66671683-BA07-42A0-8B2D-70110F62FF56}.Release|Any CPU.ActiveCfg = Release|Any CPU
		{66671683-BA07-42A0-8B2D-70110F62FF56}.Release|Any CPU.Build.0 = Release|Any CPU
		{FA9504E5-A354-4953-A2FE-5F678038E83A}.Debug|Any CPU.ActiveCfg = Debug|Any CPU
		{FA9504E5-A354-4953-A2FE-5F678038E83A}.Debug|Any CPU.Build.0 = Debug|Any CPU
		{FA9504E5-A354-4953-A2FE-5F678038E83A}.Release|Any CPU.ActiveCfg = Release|Any CPU
		{FA9504E5-A354-4953-A2FE-5F678038E83A}.Release|Any CPU.Build.0 = Release|Any CPU
		{4B13537F-6BB0-4D57-AF57-FBD2E04DC6D2}.Debug|Any CPU.ActiveCfg = Debug|Any CPU
		{4B13537F-6BB0-4D57-AF57-FBD2E04DC6D2}.Debug|Any CPU.Build.0 = Debug|Any CPU
		{4B13537F-6BB0-4D57-AF57-FBD2E04DC6D2}.Release|Any CPU.ActiveCfg = Release|Any CPU
		{4B13537F-6BB0-4D57-AF57-FBD2E04DC6D2}.Release|Any CPU.Build.0 = Release|Any CPU
		{F6A22B0C-7F74-4365-A91A-3A0ADAC487DF}.Debug|Any CPU.ActiveCfg = Debug|Any CPU
		{F6A22B0C-7F74-4365-A91A-3A0ADAC487DF}.Debug|Any CPU.Build.0 = Debug|Any CPU
		{F6A22B0C-7F74-4365-A91A-3A0ADAC487DF}.Release|Any CPU.ActiveCfg = Release|Any CPU
		{F6A22B0C-7F74-4365-A91A-3A0ADAC487DF}.Release|Any CPU.Build.0 = Release|Any CPU
		{E313786D-0F96-4D1E-9171-C5D4F26F085A}.Debug|Any CPU.ActiveCfg = Debug|Any CPU
		{E313786D-0F96-4D1E-9171-C5D4F26F085A}.Debug|Any CPU.Build.0 = Debug|Any CPU
		{E313786D-0F96-4D1E-9171-C5D4F26F085A}.Release|Any CPU.ActiveCfg = Release|Any CPU
		{E313786D-0F96-4D1E-9171-C5D4F26F085A}.Release|Any CPU.Build.0 = Release|Any CPU
		{4AC8A49C-A71A-47B7-A299-67934727DDDC}.Debug|Any CPU.ActiveCfg = Debug|Any CPU
		{4AC8A49C-A71A-47B7-A299-67934727DDDC}.Debug|Any CPU.Build.0 = Debug|Any CPU
		{4AC8A49C-A71A-47B7-A299-67934727DDDC}.Release|Any CPU.ActiveCfg = Release|Any CPU
		{4AC8A49C-A71A-47B7-A299-67934727DDDC}.Release|Any CPU.Build.0 = Release|Any CPU
		{CE107088-30B0-4FBB-8BF9-B2CA5BFF2AEE}.Debug|Any CPU.ActiveCfg = Debug|Any CPU
		{CE107088-30B0-4FBB-8BF9-B2CA5BFF2AEE}.Debug|Any CPU.Build.0 = Debug|Any CPU
		{CE107088-30B0-4FBB-8BF9-B2CA5BFF2AEE}.Release|Any CPU.ActiveCfg = Release|Any CPU
		{CE107088-30B0-4FBB-8BF9-B2CA5BFF2AEE}.Release|Any CPU.Build.0 = Release|Any CPU
	EndGlobalSection
	GlobalSection(SolutionProperties) = preSolution
		HideSolutionNode = FALSE
	EndGlobalSection
	GlobalSection(NestedProjects) = preSolution
		{DB307050-05E5-4515-80D5-3E72A8D576AD} = {0F8A8C78-2FFE-49DF-8317-EFCED76949EC}
		{81CDD4C5-8BA6-46A7-9DB8-60BC390323B6} = {0F8A8C78-2FFE-49DF-8317-EFCED76949EC}
		{1F2469BC-3230-4C85-B578-91613CE80F66} = {0F8A8C78-2FFE-49DF-8317-EFCED76949EC}
		{1086B9A9-7326-4D79-9346-974EF583EDEA} = {0F8A8C78-2FFE-49DF-8317-EFCED76949EC}
		{C2AC1886-11C9-41A2-B198-42988A962515} = {0F8A8C78-2FFE-49DF-8317-EFCED76949EC}
		{F3504DBF-5601-41A6-861F-FB9997D257DE} = {0F8A8C78-2FFE-49DF-8317-EFCED76949EC}
		{92B61B4A-CEA3-4B47-A170-03ABC53C8C6E} = {0F8A8C78-2FFE-49DF-8317-EFCED76949EC}
		{ACE13DF9-ECBC-412C-9B0B-820DD8910C7A} = {0F8A8C78-2FFE-49DF-8317-EFCED76949EC}
		{66671683-BA07-42A0-8B2D-70110F62FF56} = {0F8A8C78-2FFE-49DF-8317-EFCED76949EC}
		{FA9504E5-A354-4953-A2FE-5F678038E83A} = {0F8A8C78-2FFE-49DF-8317-EFCED76949EC}
		{4B13537F-6BB0-4D57-AF57-FBD2E04DC6D2} = {0F8A8C78-2FFE-49DF-8317-EFCED76949EC}
		{F6A22B0C-7F74-4365-A91A-3A0ADAC487DF} = {0F8A8C78-2FFE-49DF-8317-EFCED76949EC}
		{E313786D-0F96-4D1E-9171-C5D4F26F085A} = {0F8A8C78-2FFE-49DF-8317-EFCED76949EC}
		{4AC8A49C-A71A-47B7-A299-67934727DDDC} = {0F8A8C78-2FFE-49DF-8317-EFCED76949EC}
		{CE107088-30B0-4FBB-8BF9-B2CA5BFF2AEE} = {0F8A8C78-2FFE-49DF-8317-EFCED76949EC}
	EndGlobalSection
	GlobalSection(ExtensibilityGlobals) = postSolution
		SolutionGuid = {B168B581-6208-4675-8E2E-59451D5B7882}
	EndGlobalSection
EndGlobal
