
Microsoft Visual Studio Solution File, Format Version 12.00
# Visual Studio Version 16
VisualStudioVersion = 16.0.31402.337
MinimumVisualStudioVersion = 10.0.40219.1
Project("{9A19103F-16F7-4668-BE54-9A1E7A4F7556}") = "Exercicio4", "Exercicio4\Exercicio4.csproj", "{8EF0F21F-CA80-4D9A-B3D7-2AD325CD79F5}"
EndProject
Project("{9A19103F-16F7-4668-BE54-9A1E7A4F7556}") = "Exercicio2", "Exercicio2\Exercicio2.csproj", "{639CDFCE-3746-4FFA-B048-4E684837769F}"
EndProject
Project("{9A19103F-16F7-4668-BE54-9A1E7A4F7556}") = "Heranca", "Heranca\Heranca.csproj", "{926EE3A5-9DE2-427C-9153-D264BFEDE2F7}"
EndProject
Project("{FAE04EC0-301F-11D3-BF4B-00C04F79EFBC}") = "ClassesAbstratas", "ClassesAbstratas\ClassesAbstratas.csproj", "{A49F1C33-6F30-47D8-9D2F-269DFA84D468}"
EndProject
Global
	GlobalSection(SolutionConfigurationPlatforms) = preSolution
		Debug|Any CPU = Debug|Any CPU
		Release|Any CPU = Release|Any CPU
	EndGlobalSection
	GlobalSection(ProjectConfigurationPlatforms) = postSolution
		{8EF0F21F-CA80-4D9A-B3D7-2AD325CD79F5}.Debug|Any CPU.ActiveCfg = Debug|Any CPU
		{8EF0F21F-CA80-4D9A-B3D7-2AD325CD79F5}.Debug|Any CPU.Build.0 = Debug|Any CPU
		{8EF0F21F-CA80-4D9A-B3D7-2AD325CD79F5}.Release|Any CPU.ActiveCfg = Release|Any CPU
		{8EF0F21F-CA80-4D9A-B3D7-2AD325CD79F5}.Release|Any CPU.Build.0 = Release|Any CPU
		{639CDFCE-3746-4FFA-B048-4E684837769F}.Debug|Any CPU.ActiveCfg = Debug|Any CPU
		{639CDFCE-3746-4FFA-B048-4E684837769F}.Debug|Any CPU.Build.0 = Debug|Any CPU
		{639CDFCE-3746-4FFA-B048-4E684837769F}.Release|Any CPU.ActiveCfg = Release|Any CPU
		{639CDFCE-3746-4FFA-B048-4E684837769F}.Release|Any CPU.Build.0 = Release|Any CPU
		{926EE3A5-9DE2-427C-9153-D264BFEDE2F7}.Debug|Any CPU.ActiveCfg = Debug|Any CPU
		{926EE3A5-9DE2-427C-9153-D264BFEDE2F7}.Debug|Any CPU.Build.0 = Debug|Any CPU
		{926EE3A5-9DE2-427C-9153-D264BFEDE2F7}.Release|Any CPU.ActiveCfg = Release|Any CPU
		{926EE3A5-9DE2-427C-9153-D264BFEDE2F7}.Release|Any CPU.Build.0 = Release|Any CPU
		{A49F1C33-6F30-47D8-9D2F-269DFA84D468}.Debug|Any CPU.ActiveCfg = Debug|Any CPU
		{A49F1C33-6F30-47D8-9D2F-269DFA84D468}.Debug|Any CPU.Build.0 = Debug|Any CPU
		{A49F1C33-6F30-47D8-9D2F-269DFA84D468}.Release|Any CPU.ActiveCfg = Release|Any CPU
		{A49F1C33-6F30-47D8-9D2F-269DFA84D468}.Release|Any CPU.Build.0 = Release|Any CPU
	EndGlobalSection
	GlobalSection(SolutionProperties) = preSolution
		HideSolutionNode = FALSE
	EndGlobalSection
	GlobalSection(ExtensibilityGlobals) = postSolution
		SolutionGuid = {1805A7DF-14EA-4117-B785-7527C18333FE}
	EndGlobalSection
EndGlobal
